
Microsoft Visual Studio Solution File, Format Version 12.00
# Visual Studio Version 17
VisualStudioVersion = 17.13.35825.156 d17.13
MinimumVisualStudioVersion = 10.0.40219.1
Project("{FAE04EC0-301F-11D3-BF4B-00C04F79EFBC}") = "VendingMachines.Server", "VendingMachines.Server\VendingMachines.Server.csproj", "{6856A790-8D21-4CD1-8F61-A0A7FAC53FA9}"
EndProject
Global
	GlobalSection(SolutionConfigurationPlatforms) = preSolution
		Debug|Any CPU = Debug|Any CPU
		Release|Any CPU = Release|Any CPU
	EndGlobalSection
	GlobalSection(ProjectConfigurationPlatforms) = postSolution
		{6856A790-8D21-4CD1-8F61-A0A7FAC53FA9}.Debug|Any CPU.ActiveCfg = Debug|Any CPU
		{6856A790-8D21-4CD1-8F61-A0A7FAC53FA9}.Debug|Any CPU.Build.0 = Debug|Any CPU
		{6856A790-8D21-4CD1-8F61-A0A7FAC53FA9}.Release|Any CPU.ActiveCfg = Release|Any CPU
		{6856A790-8D21-4CD1-8F61-A0A7FAC53FA9}.Release|Any CPU.Build.0 = Release|Any CPU
	EndGlobalSection
	GlobalSection(SolutionProperties) = preSolution
		HideSolutionNode = FALSE
	EndGlobalSection
	GlobalSection(ExtensibilityGlobals) = postSolution
		SolutionGuid = {0B91865B-020F-4F78-96B5-33DE77057D3F}
	EndGlobalSection
EndGlobal
